
Microsoft Visual Studio Solution File, Format Version 12.00
# Visual Studio 15
VisualStudioVersion = 15.0.27004.2006
MinimumVisualStudioVersion = 10.0.40219.1
Project("{9A19103F-16F7-4668-BE54-9A1E7A4F7556}") = "Wkx", "Wkx\Wkx.csproj", "{E6795DCB-2AFA-4DCB-88D4-3F76E79E2BEC}"
EndProject
Project("{2150E333-8FDC-42A3-9474-1A3956D46DE8}") = "Solution Items", "Solution Items", "{2196C66D-497B-4EC3-9C32-FF846B4AE825}"
	ProjectSection(SolutionItems) = preProject
		.gitignore = .gitignore
		appveyor.yml = appveyor.yml
		CHANGELOG.md = CHANGELOG.md
		README.md = README.md
		version.txt = version.txt
	EndProjectSection
EndProject
Project("{FAE04EC0-301F-11D3-BF4B-00C04F79EFBC}") = "Wkx.Tests", "Wkx.Tests\Wkx.Tests.csproj", "{E495F89A-8F95-4E60-950A-9C84DBEF8912}"
EndProject
Project("{FAE04EC0-301F-11D3-BF4B-00C04F79EFBC}") = "Wkx.TestGenerator", "Wkx.TestGenerator\Wkx.TestGenerator.csproj", "{4D652D30-4F9F-4E72-A0D9-DA50BF0B66F8}"
EndProject
Project("{2150E333-8FDC-42A3-9474-1A3956D46DE8}") = "scripts", "scripts", "{818A4ED7-53DE-49F2-924E-D84D120DCAD3}"
	ProjectSection(SolutionItems) = preProject
		scripts\update-version.ps1 = scripts\update-version.ps1
	EndProjectSection
EndProject
Global
	GlobalSection(SolutionConfigurationPlatforms) = preSolution
		Debug|Any CPU = Debug|Any CPU
		Release|Any CPU = Release|Any CPU
	EndGlobalSection
	GlobalSection(ProjectConfigurationPlatforms) = postSolution
		{E6795DCB-2AFA-4DCB-88D4-3F76E79E2BEC}.Debug|Any CPU.ActiveCfg = Debug|Any CPU
		{E6795DCB-2AFA-4DCB-88D4-3F76E79E2BEC}.Debug|Any CPU.Build.0 = Debug|Any CPU
		{E6795DCB-2AFA-4DCB-88D4-3F76E79E2BEC}.Release|Any CPU.ActiveCfg = Release|Any CPU
		{E6795DCB-2AFA-4DCB-88D4-3F76E79E2BEC}.Release|Any CPU.Build.0 = Release|Any CPU
		{E495F89A-8F95-4E60-950A-9C84DBEF8912}.Debug|Any CPU.ActiveCfg = Debug|Any CPU
		{E495F89A-8F95-4E60-950A-9C84DBEF8912}.Debug|Any CPU.Build.0 = Debug|Any CPU
		{E495F89A-8F95-4E60-950A-9C84DBEF8912}.Release|Any CPU.ActiveCfg = Release|Any CPU
		{E495F89A-8F95-4E60-950A-9C84DBEF8912}.Release|Any CPU.Build.0 = Release|Any CPU
		{4D652D30-4F9F-4E72-A0D9-DA50BF0B66F8}.Debug|Any CPU.ActiveCfg = Debug|Any CPU
		{4D652D30-4F9F-4E72-A0D9-DA50BF0B66F8}.Debug|Any CPU.Build.0 = Debug|Any CPU
		{4D652D30-4F9F-4E72-A0D9-DA50BF0B66F8}.Release|Any CPU.ActiveCfg = Release|Any CPU
		{4D652D30-4F9F-4E72-A0D9-DA50BF0B66F8}.Release|Any CPU.Build.0 = Release|Any CPU
	EndGlobalSection
	GlobalSection(SolutionProperties) = preSolution
		HideSolutionNode = FALSE
	EndGlobalSection
	GlobalSection(ExtensibilityGlobals) = postSolution
		SolutionGuid = {CE47C329-E245-485F-909A-A1A13FA87E30}
	EndGlobalSection
EndGlobal
